
Microsoft Visual Studio Solution File, Format Version 12.00
# Visual Studio 14
VisualStudioVersion = 14.0.23107.0
MinimumVisualStudioVersion = 10.0.40219.1
Project("{FAE04EC0-301F-11D3-BF4B-00C04F79EFBC}") = "dnn.Providers.OutputCacheProvider", "dnn.Providers.OutputCacheProvider.csproj", "{29D1FBD6-A22F-42D2-ABB0-5A6F49577477}"
EndProject
Global
	GlobalSection(SolutionConfigurationPlatforms) = preSolution
		Debug|Any CPU = Debug|Any CPU
		Release|Any CPU = Release|Any CPU
	EndGlobalSection
	GlobalSection(ProjectConfigurationPlatforms) = postSolution
		{29D1FBD6-A22F-42D2-ABB0-5A6F49577477}.Debug|Any CPU.ActiveCfg = Debug|Any CPU
		{29D1FBD6-A22F-42D2-ABB0-5A6F49577477}.Debug|Any CPU.Build.0 = Debug|Any CPU
		{29D1FBD6-A22F-42D2-ABB0-5A6F49577477}.Release|Any CPU.ActiveCfg = Release|Any CPU
		{29D1FBD6-A22F-42D2-ABB0-5A6F49577477}.Release|Any CPU.Build.0 = Release|Any CPU
	EndGlobalSection
	GlobalSection(SolutionProperties) = preSolution
		HideSolutionNode = FALSE
	EndGlobalSection
EndGlobal
